PODS:
  - ffmpeg_kit_flutter_new (1.0.0):
    - ffmpeg_kit_flutter_new/full-gpl (= 1.0.0)
    - FlutterMacOS
  - ffmpeg_kit_flutter_new/full-gpl (1.0.0):
    - FlutterMacOS
  - FlutterMacOS (1.0.0)
  - path_provider_foundation (0.0.1):
    - Flutter
    - FlutterMacOS
  - record_darwin (1.0.0):
    - Flutter
    - FlutterMacOS
  - whisper_flutter_coreml (0.0.1):
    - FlutterMacOS

DEPENDENCIES:
  - ffmpeg_kit_flutter_new (from `Flutter/ephemeral/.symlinks/plugins/ffmpeg_kit_flutter_new/macos`)
  - FlutterMacOS (from `Flutter/ephemeral`)
  - path_provider_foundation (from `Flutter/ephemeral/.symlinks/plugins/path_provider_foundation/darwin`)
  - record_darwin (from `Flutter/ephemeral/.symlinks/plugins/record_darwin/macos`)
  - whisper_flutter_coreml (from `Flutter/ephemeral/.symlinks/plugins/whisper_flutter_coreml/macos`)

EXTERNAL SOURCES:
  ffmpeg_kit_flutter_new:
    :path: Flutter/ephemeral/.symlinks/plugins/ffmpeg_kit_flutter_new/macos
  FlutterMacOS:
    :path: Flutter/ephemeral
  path_provider_foundation:
    :path: Flutter/ephemeral/.symlinks/plugins/path_provider_foundation/darwin
  record_darwin:
    :path: Flutter/ephemeral/.symlinks/plugins/record_darwin/macos
  whisper_flutter_coreml:
    :path: Flutter/ephemeral/.symlinks/plugins/whisper_flutter_coreml/macos

SPEC CHECKSUMS:
  ffmpeg_kit_flutter_new: 4eb1908463948e877ff5c4f2c7bb28f2a5dfd11b
  FlutterMacOS: 8f6f14fa908a6fb3fba0cd85dbd81ec4b251fb24
  path_provider_foundation: 080d55be775b7414fd5a5ef3ac137b97b097e564
  record_darwin: 0c21d4367390053cf94be5527b36dd4556a72fd2
  whisper_flutter_coreml: fa6d28a33365c96006f45056642fe9965f55a0cd

PODFILE CHECKSUM: 9ebaf0ce3d369aaa26a9ea0e159195ed94724cf3

COCOAPODS: 1.16.2
